
Microsoft Visual Studio Solution File, Format Version 12.00
# Visual Studio Version 17
VisualStudioVersion = 17.9.34616.47
MinimumVisualStudioVersion = 10.0.40219.1
Project("{FAE04EC0-301F-11D3-BF4B-00C04F79EFBC}") = "WpfApp1", "WpfApp1\WpfApp1.csproj", "{F885A29A-1872-4C92-8C30-1BA31B436992}"
EndProject
Global
	GlobalSection(SolutionConfigurationPlatforms) = preSolution
		Debug|Any CPU = Debug|Any CPU
		Release|Any CPU = Release|Any CPU
	EndGlobalSection
	GlobalSection(ProjectConfigurationPlatforms) = postSolution
		{F885A29A-1872-4C92-8C30-1BA31B436992}.Debug|Any CPU.ActiveCfg = Debug|Any CPU
		{F885A29A-1872-4C92-8C30-1BA31B436992}.Debug|Any CPU.Build.0 = Debug|Any CPU
		{F885A29A-1872-4C92-8C30-1BA31B436992}.Release|Any CPU.ActiveCfg = Release|Any CPU
		{F885A29A-1872-4C92-8C30-1BA31B436992}.Release|Any CPU.Build.0 = Release|Any CPU
	EndGlobalSection
	GlobalSection(SolutionProperties) = preSolution
		HideSolutionNode = FALSE
	EndGlobalSection
	GlobalSection(ExtensibilityGlobals) = postSolution
		SolutionGuid = {7FFDFB49-F3A7-493F-A6AE-4D5304B862B7}
	EndGlobalSection
EndGlobal
